
Microsoft Visual Studio Solution File, Format Version 12.00
# Visual Studio Version 17
VisualStudioVersion = 17.4.33103.184
MinimumVisualStudioVersion = 10.0.40219.1
Project("{FAE04EC0-301F-11D3-BF4B-00C04F79EFBC}") = "Змейка", "Змейка\Змейка.csproj", "{B50A19BC-39A3-4D88-A5DA-5396E78296C3}"
EndProject
Global
	GlobalSection(SolutionConfigurationPlatforms) = preSolution
		Debug|Any CPU = Debug|Any CPU
		Release|Any CPU = Release|Any CPU
	EndGlobalSection
	GlobalSection(ProjectConfigurationPlatforms) = postSolution
		{B50A19BC-39A3-4D88-A5DA-5396E78296C3}.Debug|Any CPU.ActiveCfg = Debug|Any CPU
		{B50A19BC-39A3-4D88-A5DA-5396E78296C3}.Debug|Any CPU.Build.0 = Debug|Any CPU
		{B50A19BC-39A3-4D88-A5DA-5396E78296C3}.Release|Any CPU.ActiveCfg = Release|Any CPU
		{B50A19BC-39A3-4D88-A5DA-5396E78296C3}.Release|Any CPU.Build.0 = Release|Any CPU
	EndGlobalSection
	GlobalSection(SolutionProperties) = preSolution
		HideSolutionNode = FALSE
	EndGlobalSection
	GlobalSection(ExtensibilityGlobals) = postSolution
		SolutionGuid = {73491ED9-D131-4C67-9693-F30D9F0626AA}
	EndGlobalSection
EndGlobal
